// !$*UTF8*$!
{
	archiveVersion = 1;
	classes = {
	};
	objectVersion = 56;
	objects = {

/* Begin PBXBuildFile section */
		306E86312AA791670015E944 /* PokedexApp.swift in Sources */ = {isa = PBXBuildFile; fileRef = 306E86302AA791670015E944 /* PokedexApp.swift */; };
		306E86332AA791670015E944 /* ContentView.swift in Sources */ = {isa = PBXBuildFile; fileRef = 306E86322AA791670015E944 /* ContentView.swift */; };
		306E86352AA791680015E944 /* Assets.xcassets in Resources */ = {isa = PBXBuildFile; fileRef = 306E86342AA791680015E944 /* Assets.xcassets */; };
		306E86382AA791680015E944 /* Preview Assets.xcassets in Resources */ = {isa = PBXBuildFile; fileRef = 306E86372AA791680015E944 /* Preview Assets.xcassets */; };
		306E863A2AA791680015E944 /* Persistence.swift in Sources */ = {isa = PBXBuildFile; fileRef = 306E86392AA791680015E944 /* Persistence.swift */; };
		306E863D2AA791680015E944 /* Pokedex.xcdatamodeld in Sources */ = {isa = PBXBuildFile; fileRef = 306E863B2AA791680015E944 /* Pokedex.xcdatamodeld */; };
		306E86472AA791680015E944 /* PokedexTests.swift in Sources */ = {isa = PBXBuildFile; fileRef = 306E86462AA791680015E944 /* PokedexTests.swift */; };
		306E86512AA791680015E944 /* PokedexUITests.swift in Sources */ = {isa = PBXBuildFile; fileRef = 306E86502AA791680015E944 /* PokedexUITests.swift */; };
		306E86532AA791680015E944 /* PokedexUITestsLaunchTests.swift in Sources */ = {isa = PBXBuildFile; fileRef = 306E86522AA791680015E944 /* PokedexUITestsLaunchTests.swift */; };
		306E86622AA7937C0015E944 /* Localizable.strings in Resources */ = {isa = PBXBuildFile; fileRef = 306E86642AA7937C0015E944 /* Localizable.strings */; };
		306E866F2AA7994B0015E944 /* PokedexView.swift in Sources */ = {isa = PBXBuildFile; fileRef = 306E866E2AA7994B0015E944 /* PokedexView.swift */; };
		306E86712AA7999E0015E944 /* GamesView.swift in Sources */ = {isa = PBXBuildFile; fileRef = 306E86702AA7999E0015E944 /* GamesView.swift */; };
		306E86732AA799B10015E944 /* ItemsView.swift in Sources */ = {isa = PBXBuildFile; fileRef = 306E86722AA799B10015E944 /* ItemsView.swift */; };
		306E86752AA79A140015E944 /* SettingsView.swift in Sources */ = {isa = PBXBuildFile; fileRef = 306E86742AA79A140015E944 /* SettingsView.swift */; };
		306E86772AA79BCE0015E944 /* SettingsToolbarButton.swift in Sources */ = {isa = PBXBuildFile; fileRef = 306E86762AA79BCE0015E944 /* SettingsToolbarButton.swift */; };
/* End PBXBuildFile section */

/* Begin PBXContainerItemProxy section */
		306E86432AA791680015E944 /* PBXContainerItemProxy */ = {
			isa = PBXContainerItemProxy;
			containerPortal = 306E86252AA791670015E944 /* Project object */;
			proxyType = 1;
			remoteGlobalIDString = 306E862C2AA791670015E944;
			remoteInfo = Pokedex;
		};
		306E864D2AA791680015E944 /* PBXContainerItemProxy */ = {
			isa = PBXContainerItemProxy;
			containerPortal = 306E86252AA791670015E944 /* Project object */;
			proxyType = 1;
			remoteGlobalIDString = 306E862C2AA791670015E944;
			remoteInfo = Pokedex;
		};
/* End PBXContainerItemProxy section */

/* Begin PBXFileReference section */
		306E862D2AA791670015E944 /* Pokedex.app */ = {isa = PBXFileReference; explicitFileType = wrapper.application; includeInIndex = 0; path = Pokedex.app; sourceTree = BUILT_PRODUCTS_DIR; };
		306E86302AA791670015E944 /* PokedexApp.swift */ = {isa = PBXFileReference; lastKnownFileType = sourcecode.swift; path = PokedexApp.swift; sourceTree = "<group>"; };
		306E86322AA791670015E944 /* ContentView.swift */ = {isa = PBXFileReference; lastKnownFileType = sourcecode.swift; path = ContentView.swift; sourceTree = "<group>"; };
		306E86342AA791680015E944 /* Assets.xcassets */ = {isa = PBXFileReference; lastKnownFileType = folder.assetcatalog; path = Assets.xcassets; sourceTree = "<group>"; };
		306E86372AA791680015E944 /* Preview Assets.xcassets */ = {isa = PBXFileReference; lastKnownFileType = folder.assetcatalog; path = "Preview Assets.xcassets"; sourceTree = "<group>"; };
		306E86392AA791680015E944 /* Persistence.swift */ = {isa = PBXFileReference; lastKnownFileType = sourcecode.swift; path = Persistence.swift; sourceTree = "<group>"; };
		306E863C2AA791680015E944 /* Pokedex.xcdatamodel */ = {isa = PBXFileReference; lastKnownFileType = wrapper.xcdatamodel; path = Pokedex.xcdatamodel; sourceTree = "<group>"; };
		306E86422AA791680015E944 /* PokedexTests.xctest */ = {isa = PBXFileReference; explicitFileType = wrapper.cfbundle; includeInIndex = 0; path = PokedexTests.xctest; sourceTree = BUILT_PRODUCTS_DIR; };
		306E86462AA791680015E944 /* PokedexTests.swift */ = {isa = PBXFileReference; lastKnownFileType = sourcecode.swift; path = PokedexTests.swift; sourceTree = "<group>"; };
		306E864C2AA791680015E944 /* PokedexUITests.xctest */ = {isa = PBXFileReference; explicitFileType = wrapper.cfbundle; includeInIndex = 0; path = PokedexUITests.xctest; sourceTree = BUILT_PRODUCTS_DIR; };
		306E86502AA791680015E944 /* PokedexUITests.swift */ = {isa = PBXFileReference; lastKnownFileType = sourcecode.swift; path = PokedexUITests.swift; sourceTree = "<group>"; };
		306E86522AA791680015E944 /* PokedexUITestsLaunchTests.swift */ = {isa = PBXFileReference; lastKnownFileType = sourcecode.swift; path = PokedexUITestsLaunchTests.swift; sourceTree = "<group>"; };
		306E86632AA7937C0015E944 /* de */ = {isa = PBXFileReference; lastKnownFileType = text.plist.strings; name = de; path = de.lproj/Localizable.strings; sourceTree = "<group>"; };
		306E86652AA793800015E944 /* en */ = {isa = PBXFileReference; lastKnownFileType = text.plist.strings; name = en; path = en.lproj/Localizable.strings; sourceTree = "<group>"; };
		306E866E2AA7994B0015E944 /* PokedexView.swift */ = {isa = PBXFileReference; lastKnownFileType = sourcecode.swift; path = PokedexView.swift; sourceTree = "<group>"; };
		306E86702AA7999E0015E944 /* GamesView.swift */ = {isa = PBXFileReference; lastKnownFileType = sourcecode.swift; path = GamesView.swift; sourceTree = "<group>"; };
		306E86722AA799B10015E944 /* ItemsView.swift */ = {isa = PBXFileReference; lastKnownFileType = sourcecode.swift; path = ItemsView.swift; sourceTree = "<group>"; };
		306E86742AA79A140015E944 /* SettingsView.swift */ = {isa = PBXFileReference; lastKnownFileType = sourcecode.swift; path = SettingsView.swift; sourceTree = "<group>"; };
		306E86762AA79BCE0015E944 /* SettingsToolbarButton.swift */ = {isa = PBXFileReference; lastKnownFileType = sourcecode.swift; path = SettingsToolbarButton.swift; sourceTree = "<group>"; };
/* End PBXFileReference section */

/* Begin PBXFrameworksBuildPhase section */
		306E862A2AA791670015E944 /* Frameworks */ = {
			isa = PBXFrameworksBuildPhase;
			buildActionMask = 2147483647;
			files = (
			);
			runOnlyForDeploymentPostprocessing = 0;
		};
		306E863F2AA791680015E944 /* Frameworks */ = {
			isa = PBXFrameworksBuildPhase;
			buildActionMask = 2147483647;
			files = (
			);
			runOnlyForDeploymentPostprocessing = 0;
		};
		306E86492AA791680015E944 /* Frameworks */ = {
			isa = PBXFrameworksBuildPhase;
			buildActionMask = 2147483647;
			files = (
			);
			runOnlyForDeploymentPostprocessing = 0;
		};
/* End PBXFrameworksBuildPhase section */

/* Begin PBXGroup section */
		306E86242AA791670015E944 = {
			isa = PBXGroup;
			children = (
				306E862F2AA791670015E944 /* Pokedex */,
				306E86452AA791680015E944 /* PokedexTests */,
				306E864F2AA791680015E944 /* PokedexUITests */,
				306E862E2AA791670015E944 /* Products */,
			);
			sourceTree = "<group>";
		};
		306E862E2AA791670015E944 /* Products */ = {
			isa = PBXGroup;
			children = (
				306E862D2AA791670015E944 /* Pokedex.app */,
				306E86422AA791680015E944 /* PokedexTests.xctest */,
				306E864C2AA791680015E944 /* PokedexUITests.xctest */,
			);
			name = Products;
			sourceTree = "<group>";
		};
		306E862F2AA791670015E944 /* Pokedex */ = {
			isa = PBXGroup;
			children = (
				306E86692AA799210015E944 /* Models */,
				306E86682AA7991D0015E944 /* Services */,
				306E86672AA799150015E944 /* Features */,
				306E86662AA793960015E944 /* Localization */,
				306E86302AA791670015E944 /* PokedexApp.swift */,
				306E86322AA791670015E944 /* ContentView.swift */,
				306E86342AA791680015E944 /* Assets.xcassets */,
				306E86392AA791680015E944 /* Persistence.swift */,
				306E863B2AA791680015E944 /* Pokedex.xcdatamodeld */,
				306E86362AA791680015E944 /* Preview Content */,
			);
			path = Pokedex;
			sourceTree = "<group>";
		};
		306E86362AA791680015E944 /* Preview Content */ = {
			isa = PBXGroup;
			children = (
				306E86372AA791680015E944 /* Preview Assets.xcassets */,
			);
			path = "Preview Content";
			sourceTree = "<group>";
		};
		306E86452AA791680015E944 /* PokedexTests */ = {
			isa = PBXGroup;
			children = (
				306E86462AA791680015E944 /* PokedexTests.swift */,
			);
			path = PokedexTests;
			sourceTree = "<group>";
		};
		306E864F2AA791680015E944 /* PokedexUITests */ = {
			isa = PBXGroup;
			children = (
				306E86502AA791680015E944 /* PokedexUITests.swift */,
				306E86522AA791680015E944 /* PokedexUITestsLaunchTests.swift */,
			);
			path = PokedexUITests;
			sourceTree = "<group>";
		};
		306E86662AA793960015E944 /* Localization */ = {
			isa = PBXGroup;
			children = (
				306E86642AA7937C0015E944 /* Localizable.strings */,
			);
			path = Localization;
			sourceTree = "<group>";
		};
		306E86672AA799150015E944 /* Features */ = {
			isa = PBXGroup;
			children = (
				306E866D2AA799400015E944 /* Settings */,
				306E866C2AA799310015E944 /* Items */,
				306E866B2AA7992C0015E944 /* Games */,
				306E866A2AA799270015E944 /* Pokedex */,
			);
			path = Features;
			sourceTree = "<group>";
		};
		306E86682AA7991D0015E944 /* Services */ = {
			isa = PBXGroup;
			children = (
			);
			path = Services;
			sourceTree = "<group>";
		};
		306E86692AA799210015E944 /* Models */ = {
			isa = PBXGroup;
			children = (
			);
			path = Models;
			sourceTree = "<group>";
		};
		306E866A2AA799270015E944 /* Pokedex */ = {
			isa = PBXGroup;
			children = (
				306E866E2AA7994B0015E944 /* PokedexView.swift */,
			);
			path = Pokedex;
			sourceTree = "<group>";
		};
		306E866B2AA7992C0015E944 /* Games */ = {
			isa = PBXGroup;
			children = (
				306E86702AA7999E0015E944 /* GamesView.swift */,
			);
			path = Games;
			sourceTree = "<group>";
		};
		306E866C2AA799310015E944 /* Items */ = {
			isa = PBXGroup;
			children = (
				306E86722AA799B10015E944 /* ItemsView.swift */,
			);
			path = Items;
			sourceTree = "<group>";
		};
		306E866D2AA799400015E944 /* Settings */ = {
			isa = PBXGroup;
			children = (
				306E86742AA79A140015E944 /* SettingsView.swift */,
				306E86762AA79BCE0015E944 /* SettingsToolbarButton.swift */,
			);
			path = Settings;
			sourceTree = "<group>";
		};
/* End PBXGroup section */

/* Begin PBXNativeTarget section */
		306E862C2AA791670015E944 /* Pokedex */ = {
			isa = PBXNativeTarget;
			buildConfigurationList = 306E86562AA791680015E944 /* Build configuration list for PBXNativeTarget "Pokedex" */;
			buildPhases = (
				306E86292AA791670015E944 /* Sources */,
				306E862A2AA791670015E944 /* Frameworks */,
				306E862B2AA791670015E944 /* Resources */,
			);
			buildRules = (
			);
			dependencies = (
			);
			name = Pokedex;
			productName = Pokedex;
			productReference = 306E862D2AA791670015E944 /* Pokedex.app */;
			productType = "com.apple.product-type.application";
		};
		306E86412AA791680015E944 /* PokedexTests */ = {
			isa = PBXNativeTarget;
			buildConfigurationList = 306E86592AA791680015E944 /* Build configuration list for PBXNativeTarget "PokedexTests" */;
			buildPhases = (
				306E863E2AA791680015E944 /* Sources */,
				306E863F2AA791680015E944 /* Frameworks */,
				306E86402AA791680015E944 /* Resources */,
			);
			buildRules = (
			);
			dependencies = (
				306E86442AA791680015E944 /* PBXTargetDependency */,
			);
			name = PokedexTests;
			productName = PokedexTests;
			productReference = 306E86422AA791680015E944 /* PokedexTests.xctest */;
			productType = "com.apple.product-type.bundle.unit-test";
		};
		306E864B2AA791680015E944 /* PokedexUITests */ = {
			isa = PBXNativeTarget;
			buildConfigurationList = 306E865C2AA791680015E944 /* Build configuration list for PBXNativeTarget "PokedexUITests" */;
			buildPhases = (
				306E86482AA791680015E944 /* Sources */,
				306E86492AA791680015E944 /* Frameworks */,
				306E864A2AA791680015E944 /* Resources */,
			);
			buildRules = (
			);
			dependencies = (
				306E864E2AA791680015E944 /* PBXTargetDependency */,
			);
			name = PokedexUITests;
			productName = PokedexUITests;
			productReference = 306E864C2AA791680015E944 /* PokedexUITests.xctest */;
			productType = "com.apple.product-type.bundle.ui-testing";
		};
/* End PBXNativeTarget section */

/* Begin PBXProject section */
		306E86252AA791670015E944 /* Project object */ = {
			isa = PBXProject;
			attributes = {
				BuildIndependentTargetsInParallel = 1;
				LastSwiftUpdateCheck = 1430;
				LastUpgradeCheck = 1430;
				TargetAttributes = {
					306E862C2AA791670015E944 = {
						CreatedOnToolsVersion = 14.3.1;
					};
					306E86412AA791680015E944 = {
						CreatedOnToolsVersion = 14.3.1;
						TestTargetID = 306E862C2AA791670015E944;
					};
					306E864B2AA791680015E944 = {
						CreatedOnToolsVersion = 14.3.1;
						TestTargetID = 306E862C2AA791670015E944;
					};
				};
			};
			buildConfigurationList = 306E86282AA791670015E944 /* Build configuration list for PBXProject "Pokedex" */;
			compatibilityVersion = "Xcode 14.0";
			developmentRegion = de;
			hasScannedForEncodings = 0;
			knownRegions = (
				en,
				Base,
				de,
			);
			mainGroup = 306E86242AA791670015E944;
			productRefGroup = 306E862E2AA791670015E944 /* Products */;
			projectDirPath = "";
			projectRoot = "";
			targets = (
				306E862C2AA791670015E944 /* Pokedex */,
				306E86412AA791680015E944 /* PokedexTests */,
				306E864B2AA791680015E944 /* PokedexUITests */,
			);
		};
/* End PBXProject section */

/* Begin PBXResourcesBuildPhase section */
		306E862B2AA791670015E944 /* Resources */ = {
			isa = PBXResourcesBuildPhase;
			buildActionMask = 2147483647;
			files = (
				306E86382AA791680015E944 /* Preview Assets.xcassets in Resources */,
				306E86622AA7937C0015E944 /* Localizable.strings in Resources */,
				306E86352AA791680015E944 /* Assets.xcassets in Resources */,
			);
			runOnlyForDeploymentPostprocessing = 0;
		};
		306E86402AA791680015E944 /* Resources */ = {
			isa = PBXResourcesBuildPhase;
			buildActionMask = 2147483647;
			files = (
			);
			runOnlyForDeploymentPostprocessing = 0;
		};
		306E864A2AA791680015E944 /* Resources */ = {
			isa = PBXResourcesBuildPhase;
			buildActionMask = 2147483647;
			files = (
			);
			runOnlyForDeploymentPostprocessing = 0;
		};
/* End PBXResourcesBuildPhase section */

/* Begin PBXSourcesBuildPhase section */
		306E86292AA791670015E944 /* Sources */ = {
			isa = PBXSourcesBuildPhase;
			buildActionMask = 2147483647;
			files = (
				306E86772AA79BCE0015E944 /* SettingsToolbarButton.swift in Sources */,
				306E86712AA7999E0015E944 /* GamesView.swift in Sources */,
				306E86752AA79A140015E944 /* SettingsView.swift in Sources */,
				306E863D2AA791680015E944 /* Pokedex.xcdatamodeld in Sources */,
				306E86732AA799B10015E944 /* ItemsView.swift in Sources */,
				306E863A2AA791680015E944 /* Persistence.swift in Sources */,
				306E866F2AA7994B0015E944 /* PokedexView.swift in Sources */,
				306E86332AA791670015E944 /* ContentView.swift in Sources */,
				306E86312AA791670015E944 /* PokedexApp.swift in Sources */,
			);
			runOnlyForDeploymentPostprocessing = 0;
		};
		306E863E2AA791680015E944 /* Sources */ = {
			isa = PBXSourcesBuildPhase;
			buildActionMask = 2147483647;
			files = (
				306E86472AA791680015E944 /* PokedexTests.swift in Sources */,
			);
			runOnlyForDeploymentPostprocessing = 0;
		};
		306E86482AA791680015E944 /* Sources */ = {
			isa = PBXSourcesBuildPhase;
			buildActionMask = 2147483647;
			files = (
				306E86512AA791680015E944 /* PokedexUITests.swift in Sources */,
				306E86532AA791680015E944 /* PokedexUITestsLaunchTests.swift in Sources */,
			);
			runOnlyForDeploymentPostprocessing = 0;
		};
/* End PBXSourcesBuildPhase section */

/* Begin PBXTargetDependency section */
		306E86442AA791680015E944 /* PBXTargetDependency */ = {
			isa = PBXTargetDependency;
			target = 306E862C2AA791670015E944 /* Pokedex */;
			targetProxy = 306E86432AA791680015E944 /* PBXContainerItemProxy */;
		};
		306E864E2AA791680015E944 /* PBXTargetDependency */ = {
			isa = PBXTargetDependency;
			target = 306E862C2AA791670015E944 /* Pokedex */;
			targetProxy = 306E864D2AA791680015E944 /* PBXContainerItemProxy */;
		};
/* End PBXTargetDependency section */

/* Begin PBXVariantGroup section */
		306E86642AA7937C0015E944 /* Localizable.strings */ = {
			isa = PBXVariantGroup;
			children = (
				306E86632AA7937C0015E944 /* de */,
				306E86652AA793800015E944 /* en */,
			);
			name = Localizable.strings;
			sourceTree = "<group>";
		};
/* End PBXVariantGroup section */

/* Begin XCBuildConfiguration section */
		306E86542AA791680015E944 /* Debug */ = {
			isa = XCBuildConfiguration;
			buildSettings = {
				ALWAYS_SEARCH_USER_PATHS = NO;
				CLANG_ANALYZER_NONNULL = YES;
				CLANG_ANALYZER_NUMBER_OBJECT_CONVERSION = YES_AGGRESSIVE;
				CLANG_CXX_LANGUAGE_STANDARD = "gnu++20";
				CLANG_ENABLE_MODULES = YES;
				CLANG_ENABLE_OBJC_ARC = YES;
				CLANG_ENABLE_OBJC_WEAK = YES;
				CLANG_WARN_BLOCK_CAPTURE_AUTORELEASING = YES;
				CLANG_WARN_BOOL_CONVERSION = YES;
				CLANG_WARN_COMMA = YES;
				CLANG_WARN_CONSTANT_CONVERSION = YES;
				CLANG_WARN_DEPRECATED_OBJC_IMPLEMENTATIONS = YES;
				CLANG_WARN_DIRECT_OBJC_ISA_USAGE = YES_ERROR;
				CLANG_WARN_DOCUMENTATION_COMMENTS = YES;
				CLANG_WARN_EMPTY_BODY = YES;
				CLANG_WARN_ENUM_CONVERSION = YES;
				CLANG_WARN_INFINITE_RECURSION = YES;
				CLANG_WARN_INT_CONVERSION = YES;
				CLANG_WARN_NON_LITERAL_NULL_CONVERSION = YES;
				CLANG_WARN_OBJC_IMPLICIT_RETAIN_SELF = YES;
				CLANG_WARN_OBJC_LITERAL_CONVERSION = YES;
				CLANG_WARN_OBJC_ROOT_CLASS = YES_ERROR;
				CLANG_WARN_QUOTED_INCLUDE_IN_FRAMEWORK_HEADER = YES;
				CLANG_WARN_RANGE_LOOP_ANALYSIS = YES;
				CLANG_WARN_STRICT_PROTOTYPES = YES;
				CLANG_WARN_SUSPICIOUS_MOVE = YES;
				CLANG_WARN_UNGUARDED_AVAILABILITY = YES_AGGRESSIVE;
				CLANG_WARN_UNREACHABLE_CODE = YES;
				CLANG_WARN__DUPLICATE_METHOD_MATCH = YES;
				COPY_PHASE_STRIP = NO;
				DEBUG_INFORMATION_FORMAT = dwarf;
				ENABLE_STRICT_OBJC_MSGSEND = YES;
				ENABLE_TESTABILITY = YES;
				GCC_C_LANGUAGE_STANDARD = gnu11;
				GCC_DYNAMIC_NO_PIC = NO;
				GCC_NO_COMMON_BLOCKS = YES;
				GCC_OPTIMIZATION_LEVEL = 0;
				GCC_PREPROCESSOR_DEFINITIONS = (
					"DEBUG=1",
					"$(inherited)",
				);
				GCC_WARN_64_TO_32_BIT_CONVERSION = YES;
				GCC_WARN_ABOUT_RETURN_TYPE = YES_ERROR;
				GCC_WARN_UNDECLARED_SELECTOR = YES;
				GCC_WARN_UNINITIALIZED_AUTOS = YES_AGGRESSIVE;
				GCC_WARN_UNUSED_FUNCTION = YES;
				GCC_WARN_UNUSED_VARIABLE = YES;
				IPHONEOS_DEPLOYMENT_TARGET = 16.4;
				MTL_ENABLE_DEBUG_INFO = INCLUDE_SOURCE;
				MTL_FAST_MATH = YES;
				ONLY_ACTIVE_ARCH = YES;
				SDKROOT = iphoneos;
				SWIFT_ACTIVE_COMPILATION_CONDITIONS = DEBUG;
				SWIFT_OPTIMIZATION_LEVEL = "-Onone";
			};
			name = Debug;
		};
		306E86552AA791680015E944 /* Release */ = {
			isa = XCBuildConfiguration;
			buildSettings = {
				ALWAYS_SEARCH_USER_PATHS = NO;
				CLANG_ANALYZER_NONNULL = YES;
				CLANG_ANALYZER_NUMBER_OBJECT_CONVERSION = YES_AGGRESSIVE;
				CLANG_CXX_LANGUAGE_STANDARD = "gnu++20";
				CLANG_ENABLE_MODULES = YES;
				CLANG_ENABLE_OBJC_ARC = YES;
				CLANG_ENABLE_OBJC_WEAK = YES;
				CLANG_WARN_BLOCK_CAPTURE_AUTORELEASING = YES;
				CLANG_WARN_BOOL_CONVERSION = YES;
				CLANG_WARN_COMMA = YES;
				CLANG_WARN_CONSTANT_CONVERSION = YES;
				CLANG_WARN_DEPRECATED_OBJC_IMPLEMENTATIONS = YES;
				CLANG_WARN_DIRECT_OBJC_ISA_USAGE = YES_ERROR;
				CLANG_WARN_DOCUMENTATION_COMMENTS = YES;
				CLANG_WARN_EMPTY_BODY = YES;
				CLANG_WARN_ENUM_CONVERSION = YES;
				CLANG_WARN_INFINITE_RECURSION = YES;
				CLANG_WARN_INT_CONVERSION = YES;
				CLANG_WARN_NON_LITERAL_NULL_CONVERSION = YES;
				CLANG_WARN_OBJC_IMPLICIT_RETAIN_SELF = YES;
				CLANG_WARN_OBJC_LITERAL_CONVERSION = YES;
				CLANG_WARN_OBJC_ROOT_CLASS = YES_ERROR;
				CLANG_WARN_QUOTED_INCLUDE_IN_FRAMEWORK_HEADER = YES;
				CLANG_WARN_RANGE_LOOP_ANALYSIS = YES;
				CLANG_WARN_STRICT_PROTOTYPES = YES;
				CLANG_WARN_SUSPICIOUS_MOVE = YES;
				CLANG_WARN_UNGUARDED_AVAILABILITY = YES_AGGRESSIVE;
				CLANG_WARN_UNREACHABLE_CODE = YES;
				CLANG_WARN__DUPLICATE_METHOD_MATCH = YES;
				COPY_PHASE_STRIP = NO;
				DEBUG_INFORMATION_FORMAT = "dwarf-with-dsym";
				ENABLE_NS_ASSERTIONS = NO;
				ENABLE_STRICT_OBJC_MSGSEND = YES;
				GCC_C_LANGUAGE_STANDARD = gnu11;
				GCC_NO_COMMON_BLOCKS = YES;
				GCC_WARN_64_TO_32_BIT_CONVERSION = YES;
				GCC_WARN_ABOUT_RETURN_TYPE = YES_ERROR;
				GCC_WARN_UNDECLARED_SELECTOR = YES;
				GCC_WARN_UNINITIALIZED_AUTOS = YES_AGGRESSIVE;
				GCC_WARN_UNUSED_FUNCTION = YES;
				GCC_WARN_UNUSED_VARIABLE = YES;
				IPHONEOS_DEPLOYMENT_TARGET = 16.4;
				MTL_ENABLE_DEBUG_INFO = NO;
				MTL_FAST_MATH = YES;
				SDKROOT = iphoneos;
				SWIFT_COMPILATION_MODE = wholemodule;
				SWIFT_OPTIMIZATION_LEVEL = "-O";
				VALIDATE_PRODUCT = YES;
			};
			name = Release;
		};
		306E86572AA791680015E944 /* Debug */ = {
			isa = XCBuildConfiguration;
			buildSettings = {
				ASSETCATALOG_COMPILER_APPICON_NAME = AppIcon;
				ASSETCATALOG_COMPILER_GLOBAL_ACCENT_COLOR_NAME = AccentColor;
				CODE_SIGN_STYLE = Automatic;
				CURRENT_PROJECT_VERSION = 1;
				DEVELOPMENT_ASSET_PATHS = "\"Pokedex/Preview Content\"";
				DEVELOPMENT_TEAM = HS8PVR3BLT;
				ENABLE_PREVIEWS = YES;
				GENERATE_INFOPLIST_FILE = YES;
				INFOPLIST_KEY_CFBundleDisplayName = "Pokédex";
				INFOPLIST_KEY_LSApplicationCategoryType = "public.app-category.entertainment";
				INFOPLIST_KEY_UIApplicationSceneManifest_Generation = YES;
				INFOPLIST_KEY_UIApplicationSupportsIndirectInputEvents = YES;
				INFOPLIST_KEY_UILaunchScreen_Generation = YES;
				INFOPLIST_KEY_UISupportedInterfaceOrientations = UIInterfaceOrientationPortrait;
				LD_RUNPATH_SEARCH_PATHS = (
					"$(inherited)",
					"@executable_path/Frameworks",
				);
				MARKETING_VERSION = 1.0;
				PRODUCT_BUNDLE_IDENTIFIER = craftcode.Pokedex;
				PRODUCT_NAME = "$(TARGET_NAME)";
				SUPPORTED_PLATFORMS = "iphoneos iphonesimulator";
				SUPPORTS_MACCATALYST = NO;
				SUPPORTS_MAC_DESIGNED_FOR_IPHONE_IPAD = NO;
				SWIFT_EMIT_LOC_STRINGS = YES;
				SWIFT_VERSION = 5.0;
				TARGETED_DEVICE_FAMILY = 1;
			};
			name = Debug;
		};
		306E86582AA791680015E944 /* Release */ = {
			isa = XCBuildConfiguration;
			buildSettings = {
				ASSETCATALOG_COMPILER_APPICON_NAME = AppIcon;
				ASSETCATALOG_COMPILER_GLOBAL_ACCENT_COLOR_NAME = AccentColor;
				CODE_SIGN_STYLE = Automatic;
				CURRENT_PROJECT_VERSION = 1;
				DEVELOPMENT_ASSET_PATHS = "\"Pokedex/Preview Content\"";
				DEVELOPMENT_TEAM = HS8PVR3BLT;
				ENABLE_PREVIEWS = YES;
				GENERATE_INFOPLIST_FILE = YES;
				INFOPLIST_KEY_CFBundleDisplayName = "Pokédex";
				INFOPLIST_KEY_LSApplicationCategoryType = "public.app-category.entertainment";
				INFOPLIST_KEY_UIApplicationSceneManifest_Generation = YES;
				INFOPLIST_KEY_UIApplicationSupportsIndirectInputEvents = YES;
				INFOPLIST_KEY_UILaunchScreen_Generation = YES;
				INFOPLIST_KEY_UISupportedInterfaceOrientations = UIInterfaceOrientationPortrait;
				LD_RUNPATH_SEARCH_PATHS = (
					"$(inherited)",
					"@executable_path/Frameworks",
				);
				MARKETING_VERSION = 1.0;
				PRODUCT_BUNDLE_IDENTIFIER = craftcode.Pokedex;
				PRODUCT_NAME = "$(TARGET_NAME)";
				SUPPORTED_PLATFORMS = "iphoneos iphonesimulator";
				SUPPORTS_MACCATALYST = NO;
				SUPPORTS_MAC_DESIGNED_FOR_IPHONE_IPAD = NO;
				SWIFT_EMIT_LOC_STRINGS = YES;
				SWIFT_VERSION = 5.0;
				TARGETED_DEVICE_FAMILY = 1;
			};
			name = Release;
		};
		306E865A2AA791680015E944 /* Debug */ = {
			isa = XCBuildConfiguration;
			buildSettings = {
				ALWAYS_EMBED_SWIFT_STANDARD_LIBRARIES = YES;
				BUNDLE_LOADER = "$(TEST_HOST)";
				CODE_SIGN_STYLE = Automatic;
				CURRENT_PROJECT_VERSION = 1;
				DEVELOPMENT_TEAM = HS8PVR3BLT;
				GENERATE_INFOPLIST_FILE = YES;
				IPHONEOS_DEPLOYMENT_TARGET = 16.4;
				MARKETING_VERSION = 1.0;
				PRODUCT_BUNDLE_IDENTIFIER = craftcode.PokedexTests;
				PRODUCT_NAME = "$(TARGET_NAME)";
				SWIFT_EMIT_LOC_STRINGS = NO;
				SWIFT_VERSION = 5.0;
				TARGETED_DEVICE_FAMILY = "1,2";
				TEST_HOST = "$(BUILT_PRODUCTS_DIR)/Pokedex.app/$(BUNDLE_EXECUTABLE_FOLDER_PATH)/Pokedex";
			};
			name = Debug;
		};
		306E865B2AA791680015E944 /* Release */ = {
			isa = XCBuildConfiguration;
			buildSettings = {
				ALWAYS_EMBED_SWIFT_STANDARD_LIBRARIES = YES;
				BUNDLE_LOADER = "$(TEST_HOST)";
				CODE_SIGN_STYLE = Automatic;
				CURRENT_PROJECT_VERSION = 1;
				DEVELOPMENT_TEAM = HS8PVR3BLT;
				GENERATE_INFOPLIST_FILE = YES;
				IPHONEOS_DEPLOYMENT_TARGET = 16.4;
				MARKETING_VERSION = 1.0;
				PRODUCT_BUNDLE_IDENTIFIER = craftcode.PokedexTests;
				PRODUCT_NAME = "$(TARGET_NAME)";
				SWIFT_EMIT_LOC_STRINGS = NO;
				SWIFT_VERSION = 5.0;
				TARGETED_DEVICE_FAMILY = "1,2";
				TEST_HOST = "$(BUILT_PRODUCTS_DIR)/Pokedex.app/$(BUNDLE_EXECUTABLE_FOLDER_PATH)/Pokedex";
			};
			name = Release;
		};
		306E865D2AA791680015E944 /* Debug */ = {
			isa = XCBuildConfiguration;
			buildSettings = {
				ALWAYS_EMBED_SWIFT_STANDARD_LIBRARIES = YES;
				CODE_SIGN_STYLE = Automatic;
				CURRENT_PROJECT_VERSION = 1;
				DEVELOPMENT_TEAM = HS8PVR3BLT;
				GENERATE_INFOPLIST_FILE = YES;
				MARKETING_VERSION = 1.0;
				PRODUCT_BUNDLE_IDENTIFIER = craftcode.PokedexUITests;
				PRODUCT_NAME = "$(TARGET_NAME)";
				SWIFT_EMIT_LOC_STRINGS = NO;
				SWIFT_VERSION = 5.0;
				TARGETED_DEVICE_FAMILY = "1,2";
				TEST_TARGET_NAME = Pokedex;
			};
			name = Debug;
		};
		306E865E2AA791680015E944 /* Release */ = {
			isa = XCBuildConfiguration;
			buildSettings = {
				ALWAYS_EMBED_SWIFT_STANDARD_LIBRARIES = YES;
				CODE_SIGN_STYLE = Automatic;
				CURRENT_PROJECT_VERSION = 1;
				DEVELOPMENT_TEAM = HS8PVR3BLT;
				GENERATE_INFOPLIST_FILE = YES;
				MARKETING_VERSION = 1.0;
				PRODUCT_BUNDLE_IDENTIFIER = craftcode.PokedexUITests;
				PRODUCT_NAME = "$(TARGET_NAME)";
				SWIFT_EMIT_LOC_STRINGS = NO;
				SWIFT_VERSION = 5.0;
				TARGETED_DEVICE_FAMILY = "1,2";
				TEST_TARGET_NAME = Pokedex;
			};
			name = Release;
		};
/* End XCBuildConfiguration section */

/* Begin XCConfigurationList section */
		306E86282AA791670015E944 /* Build configuration list for PBXProject "Pokedex" */ = {
			isa = XCConfigurationList;
			buildConfigurations = (
				306E86542AA791680015E944 /* Debug */,
				306E86552AA791680015E944 /* Release */,
			);
			defaultConfigurationIsVisible = 0;
			defaultConfigurationName = Release;
		};
		306E86562AA791680015E944 /* Build configuration list for PBXNativeTarget "Pokedex" */ = {
			isa = XCConfigurationList;
			buildConfigurations = (
				306E86572AA791680015E944 /* Debug */,
				306E86582AA791680015E944 /* Release */,
			);
			defaultConfigurationIsVisible = 0;
			defaultConfigurationName = Release;
		};
		306E86592AA791680015E944 /* Build configuration list for PBXNativeTarget "PokedexTests" */ = {
			isa = XCConfigurationList;
			buildConfigurations = (
				306E865A2AA791680015E944 /* Debug */,
				306E865B2AA791680015E944 /* Release */,
			);
			defaultConfigurationIsVisible = 0;
			defaultConfigurationName = Release;
		};
		306E865C2AA791680015E944 /* Build configuration list for PBXNativeTarget "PokedexUITests" */ = {
			isa = XCConfigurationList;
			buildConfigurations = (
				306E865D2AA791680015E944 /* Debug */,
				306E865E2AA791680015E944 /* Release */,
			);
			defaultConfigurationIsVisible = 0;
			defaultConfigurationName = Release;
		};
/* End XCConfigurationList section */

/* Begin XCVersionGroup section */
		306E863B2AA791680015E944 /* Pokedex.xcdatamodeld */ = {
			isa = XCVersionGroup;
			children = (
				306E863C2AA791680015E944 /* Pokedex.xcdatamodel */,
			);
			currentVersion = 306E863C2AA791680015E944 /* Pokedex.xcdatamodel */;
			path = Pokedex.xcdatamodeld;
			sourceTree = "<group>";
			versionGroupType = wrapper.xcdatamodel;
		};
/* End XCVersionGroup section */
	};
	rootObject = 306E86252AA791670015E944 /* Project object */;
}
